
Microsoft Visual Studio Solution File, Format Version 12.00
# Visual Studio Version 16
VisualStudioVersion = 16.0.30011.22
MinimumVisualStudioVersion = 10.0.40219.1
Project("{FAE04EC0-301F-11D3-BF4B-00C04F79EFBC}") = "2048WindowsFormsApp", "2048WindowsFormsApp\2048WindowsFormsApp.csproj", "{713403BC-E8F7-400D-9B4D-E42376214F68}"
EndProject
Global
	GlobalSection(SolutionConfigurationPlatforms) = preSolution
		Debug|Any CPU = Debug|Any CPU
		Release|Any CPU = Release|Any CPU
	EndGlobalSection
	GlobalSection(ProjectConfigurationPlatforms) = postSolution
		{713403BC-E8F7-400D-9B4D-E42376214F68}.Debug|Any CPU.ActiveCfg = Debug|Any CPU
		{713403BC-E8F7-400D-9B4D-E42376214F68}.Debug|Any CPU.Build.0 = Debug|Any CPU
		{713403BC-E8F7-400D-9B4D-E42376214F68}.Release|Any CPU.ActiveCfg = Release|Any CPU
		{713403BC-E8F7-400D-9B4D-E42376214F68}.Release|Any CPU.Build.0 = Release|Any CPU
	EndGlobalSection
	GlobalSection(SolutionProperties) = preSolution
		HideSolutionNode = FALSE
	EndGlobalSection
	GlobalSection(ExtensibilityGlobals) = postSolution
		SolutionGuid = {0A6846F7-847C-4918-98A5-390DE9DED6A1}
	EndGlobalSection
EndGlobal
